
Microsoft Visual Studio Solution File, Format Version 12.00
# Visual Studio 15
VisualStudioVersion = 15.0.27703.2035
MinimumVisualStudioVersion = 10.0.40219.1
Project("{2150E333-8FDC-42A3-9474-1A3956D46DE8}") = "5.Crosscutting", "5.Crosscutting", "{BD102D4D-2FD3-461F-AEB7-CFDB99EA88B8}"
EndProject
Project("{2150E333-8FDC-42A3-9474-1A3956D46DE8}") = "4.Infrastructure", "4.Infrastructure", "{89A0A538-A831-426D-9DDB-864A31FC423A}"
EndProject
Project("{2150E333-8FDC-42A3-9474-1A3956D46DE8}") = "3.Domain", "3.Domain", "{85E594CF-D6CE-4C49-86E5-754B34A14558}"
EndProject
Project("{2150E333-8FDC-42A3-9474-1A3956D46DE8}") = "2.Application", "2.Application", "{9AC90B25-0BE3-4DCA-8976-49035F8EFACE}"
EndProject
Project("{2150E333-8FDC-42A3-9474-1A3956D46DE8}") = "1.Presentation", "1.Presentation", "{16273B60-B25B-42F5-BCE1-809230A818AB}"
EndProject
Project("{2150E333-8FDC-42A3-9474-1A3956D46DE8}") = "5.2Logging", "5.2Logging", "{EDD4310A-E95F-4F95-9BCF-CAC0FC5431EE}"
EndProject
Project("{2150E333-8FDC-42A3-9474-1A3956D46DE8}") = "5.1Security", "5.1Security", "{C0457C55-7B55-4F57-8083-742E633A957B}"
EndProject
Project("{FAE04EC0-301F-11D3-BF4B-00C04F79EFBC}") = "Antpoll.Domain.Core", "Antpoll.Domain.Core\Antpoll.Domain.Core.csproj", "{676F4987-7D99-4B06-AA42-5BF091B3E580}"
EndProject
Project("{FAE04EC0-301F-11D3-BF4B-00C04F79EFBC}") = "Antpoll.Domain.Entities", "Antpoll.Domain.Entities\Antpoll.Domain.Entities.csproj", "{852270DE-0371-432C-9F12-CF90EABE0B18}"
EndProject
Project("{FAE04EC0-301F-11D3-BF4B-00C04F79EFBC}") = "Antpoll.Infrastructure.Core", "Antpoll.Infrastructure.Core\Antpoll.Infrastructure.Core.csproj", "{AA2EFEF0-0BAC-40B3-A4AD-51EC1D73DE29}"
EndProject
Project("{FAE04EC0-301F-11D3-BF4B-00C04F79EFBC}") = "Antpoll.Infrastructure.Api", "Antpoll.Infrastructure.Api\Antpoll.Infrastructure.Api.csproj", "{20C86D3A-7640-4877-AB46-F78E02237C81}"
EndProject
Project("{FAE04EC0-301F-11D3-BF4B-00C04F79EFBC}") = "Antpoll.Api", "Antpoll.Api\Antpoll.Api.csproj", "{28F6EC5C-2E45-4C20-8BAE-2263CA757F93}"
EndProject
Project("{FAE04EC0-301F-11D3-BF4B-00C04F79EFBC}") = "Antpoll.Crosscutting.Logging", "Antpoll.Crosscutting.Logging\Antpoll.Crosscutting.Logging.csproj", "{BBF73501-15A7-4B46-A39A-66434243F28E}"
EndProject
Project("{FAE04EC0-301F-11D3-BF4B-00C04F79EFBC}") = "Antpoll.Application.Api", "Antpoll.Application.Api\Antpoll.Application.Api.csproj", "{F700D7FA-8558-491E-8FCE-3DD010BD1ACA}"
EndProject
Project("{FAE04EC0-301F-11D3-BF4B-00C04F79EFBC}") = "Antpoll.Application.Core", "Antpoll.Application.Core\Antpoll.Application.Core.csproj", "{42D1D9F0-7365-4C14-AFD6-F873E3A3FB5D}"
EndProject
Project("{2150E333-8FDC-42A3-9474-1A3956D46DE8}") = "1.1.DistributedServices", "1.1.DistributedServices", "{58026C61-03D2-4528-8556-C4747284AAD0}"
EndProject
Project("{2150E333-8FDC-42A3-9474-1A3956D46DE8}") = "1.2.Backend", "1.2.Backend", "{4715F50C-B18A-436F-9C61-1BB4900D24CF}"
EndProject
Project("{2150E333-8FDC-42A3-9474-1A3956D46DE8}") = "1.3.Mobile", "1.3.Mobile", "{A64FA60D-BF1F-44D7-892C-AB6F17D99A29}"
EndProject
Project("{FAE04EC0-301F-11D3-BF4B-00C04F79EFBC}") = "Antpoll.Backend", "Antpoll.Backend\Antpoll.Backend.csproj", "{BA8AAAE6-8154-41A3-A8B7-5B0B64BBB1C3}"
EndProject
Global
	GlobalSection(SolutionConfigurationPlatforms) = preSolution
		Debug|Any CPU = Debug|Any CPU
		Release|Any CPU = Release|Any CPU
	EndGlobalSection
	GlobalSection(ProjectConfigurationPlatforms) = postSolution
		{676F4987-7D99-4B06-AA42-5BF091B3E580}.Debug|Any CPU.ActiveCfg = Debug|Any CPU
		{676F4987-7D99-4B06-AA42-5BF091B3E580}.Debug|Any CPU.Build.0 = Debug|Any CPU
		{676F4987-7D99-4B06-AA42-5BF091B3E580}.Release|Any CPU.ActiveCfg = Release|Any CPU
		{676F4987-7D99-4B06-AA42-5BF091B3E580}.Release|Any CPU.Build.0 = Release|Any CPU
		{852270DE-0371-432C-9F12-CF90EABE0B18}.Debug|Any CPU.ActiveCfg = Debug|Any CPU
		{852270DE-0371-432C-9F12-CF90EABE0B18}.Debug|Any CPU.Build.0 = Debug|Any CPU
		{852270DE-0371-432C-9F12-CF90EABE0B18}.Release|Any CPU.ActiveCfg = Release|Any CPU
		{852270DE-0371-432C-9F12-CF90EABE0B18}.Release|Any CPU.Build.0 = Release|Any CPU
		{AA2EFEF0-0BAC-40B3-A4AD-51EC1D73DE29}.Debug|Any CPU.ActiveCfg = Debug|Any CPU
		{AA2EFEF0-0BAC-40B3-A4AD-51EC1D73DE29}.Debug|Any CPU.Build.0 = Debug|Any CPU
		{AA2EFEF0-0BAC-40B3-A4AD-51EC1D73DE29}.Release|Any CPU.ActiveCfg = Release|Any CPU
		{AA2EFEF0-0BAC-40B3-A4AD-51EC1D73DE29}.Release|Any CPU.Build.0 = Release|Any CPU
		{20C86D3A-7640-4877-AB46-F78E02237C81}.Debug|Any CPU.ActiveCfg = Debug|Any CPU
		{20C86D3A-7640-4877-AB46-F78E02237C81}.Debug|Any CPU.Build.0 = Debug|Any CPU
		{20C86D3A-7640-4877-AB46-F78E02237C81}.Release|Any CPU.ActiveCfg = Release|Any CPU
		{20C86D3A-7640-4877-AB46-F78E02237C81}.Release|Any CPU.Build.0 = Release|Any CPU
		{28F6EC5C-2E45-4C20-8BAE-2263CA757F93}.Debug|Any CPU.ActiveCfg = Debug|Any CPU
		{28F6EC5C-2E45-4C20-8BAE-2263CA757F93}.Debug|Any CPU.Build.0 = Debug|Any CPU
		{28F6EC5C-2E45-4C20-8BAE-2263CA757F93}.Release|Any CPU.ActiveCfg = Release|Any CPU
		{28F6EC5C-2E45-4C20-8BAE-2263CA757F93}.Release|Any CPU.Build.0 = Release|Any CPU
		{BBF73501-15A7-4B46-A39A-66434243F28E}.Debug|Any CPU.ActiveCfg = Debug|Any CPU
		{BBF73501-15A7-4B46-A39A-66434243F28E}.Debug|Any CPU.Build.0 = Debug|Any CPU
		{BBF73501-15A7-4B46-A39A-66434243F28E}.Release|Any CPU.ActiveCfg = Release|Any CPU
		{BBF73501-15A7-4B46-A39A-66434243F28E}.Release|Any CPU.Build.0 = Release|Any CPU
		{F700D7FA-8558-491E-8FCE-3DD010BD1ACA}.Debug|Any CPU.ActiveCfg = Debug|Any CPU
		{F700D7FA-8558-491E-8FCE-3DD010BD1ACA}.Debug|Any CPU.Build.0 = Debug|Any CPU
		{F700D7FA-8558-491E-8FCE-3DD010BD1ACA}.Release|Any CPU.ActiveCfg = Release|Any CPU
		{F700D7FA-8558-491E-8FCE-3DD010BD1ACA}.Release|Any CPU.Build.0 = Release|Any CPU
		{42D1D9F0-7365-4C14-AFD6-F873E3A3FB5D}.Debug|Any CPU.ActiveCfg = Debug|Any CPU
		{42D1D9F0-7365-4C14-AFD6-F873E3A3FB5D}.Debug|Any CPU.Build.0 = Debug|Any CPU
		{42D1D9F0-7365-4C14-AFD6-F873E3A3FB5D}.Release|Any CPU.ActiveCfg = Release|Any CPU
		{42D1D9F0-7365-4C14-AFD6-F873E3A3FB5D}.Release|Any CPU.Build.0 = Release|Any CPU
		{BA8AAAE6-8154-41A3-A8B7-5B0B64BBB1C3}.Debug|Any CPU.ActiveCfg = Debug|Any CPU
		{BA8AAAE6-8154-41A3-A8B7-5B0B64BBB1C3}.Debug|Any CPU.Build.0 = Debug|Any CPU
		{BA8AAAE6-8154-41A3-A8B7-5B0B64BBB1C3}.Release|Any CPU.ActiveCfg = Release|Any CPU
		{BA8AAAE6-8154-41A3-A8B7-5B0B64BBB1C3}.Release|Any CPU.Build.0 = Release|Any CPU
	EndGlobalSection
	GlobalSection(SolutionProperties) = preSolution
		HideSolutionNode = FALSE
	EndGlobalSection
	GlobalSection(NestedProjects) = preSolution
		{EDD4310A-E95F-4F95-9BCF-CAC0FC5431EE} = {BD102D4D-2FD3-461F-AEB7-CFDB99EA88B8}
		{C0457C55-7B55-4F57-8083-742E633A957B} = {BD102D4D-2FD3-461F-AEB7-CFDB99EA88B8}
		{676F4987-7D99-4B06-AA42-5BF091B3E580} = {85E594CF-D6CE-4C49-86E5-754B34A14558}
		{852270DE-0371-432C-9F12-CF90EABE0B18} = {85E594CF-D6CE-4C49-86E5-754B34A14558}
		{AA2EFEF0-0BAC-40B3-A4AD-51EC1D73DE29} = {89A0A538-A831-426D-9DDB-864A31FC423A}
		{20C86D3A-7640-4877-AB46-F78E02237C81} = {89A0A538-A831-426D-9DDB-864A31FC423A}
		{28F6EC5C-2E45-4C20-8BAE-2263CA757F93} = {58026C61-03D2-4528-8556-C4747284AAD0}
		{BBF73501-15A7-4B46-A39A-66434243F28E} = {EDD4310A-E95F-4F95-9BCF-CAC0FC5431EE}
		{F700D7FA-8558-491E-8FCE-3DD010BD1ACA} = {9AC90B25-0BE3-4DCA-8976-49035F8EFACE}
		{42D1D9F0-7365-4C14-AFD6-F873E3A3FB5D} = {9AC90B25-0BE3-4DCA-8976-49035F8EFACE}
		{58026C61-03D2-4528-8556-C4747284AAD0} = {16273B60-B25B-42F5-BCE1-809230A818AB}
		{4715F50C-B18A-436F-9C61-1BB4900D24CF} = {16273B60-B25B-42F5-BCE1-809230A818AB}
		{A64FA60D-BF1F-44D7-892C-AB6F17D99A29} = {16273B60-B25B-42F5-BCE1-809230A818AB}
		{BA8AAAE6-8154-41A3-A8B7-5B0B64BBB1C3} = {4715F50C-B18A-436F-9C61-1BB4900D24CF}
	EndGlobalSection
	GlobalSection(ExtensibilityGlobals) = postSolution
		SolutionGuid = {D82EE747-BC6F-49BE-85BA-A7AD01033F7D}
	EndGlobalSection
EndGlobal
